PODS:
  - BSGridCollectionViewLayout (1.2.5)
  - BSImagePicker (2.10.3):
    - BSGridCollectionViewLayout (= 1.2.5)
    - BSImageView (= 1.0.3)
  - BSImageView (1.0.3)
  - Flutter (1.0.0)
  - multi_image_picker (4.5.9):
    - BSImagePicker (~> 2.10.3)
    - Flutter
  - simple_permissions (0.0.1):
    - Flutter

DEPENDENCIES:
  - Flutter (from `.symlinks/flutter/ios`)
  - multi_image_picker (from `.symlinks/plugins/multi_image_picker/ios`)
  - simple_permissions (from `.symlinks/plugins/simple_permissions/ios`)

SPEC REPOS:
  trunk:
    - BSGridCollectionViewLayout
    - BSImagePicker
    - BSImageView

EXTERNAL SOURCES:
  Flutter:
    :path: ".symlinks/flutter/ios"
  multi_image_picker:
    :path: ".symlinks/plugins/multi_image_picker/ios"
  simple_permissions:
    :path: ".symlinks/plugins/simple_permissions/ios"

SPEC CHECKSUMS:
  BSGridCollectionViewLayout: 333dcb457a5a3bdd9212607ab5756553dcfe06cb
  BSImagePicker: 07404254f2fcdaf5a2eb403c0f8c337267ce8738
  BSImageView: a149459433a2687157d034c78e059d30ac7f2544
  Flutter: 0e3d915762c693b495b44d77113d4970485de6ec
  multi_image_picker: 68d86c3e3616a64096cb5ef46de9a8195930a3e4
  simple_permissions: 149cd87a11f83c24bf99f6e8a82f9fc8b70be233

PODFILE CHECKSUM: b94db3a1b69af76d6326200cedb92ca7872ce27c

COCOAPODS: 1.8.4
